dependencies:
- name: mariadb
  repository: https://charts.bitnami.com/bitnami
  version: 11.4.6
- name: mariadb
  repository: https://charts.bitnami.com/bitnami
  version: 11.4.6
- name: mariadb
  repository: https://charts.bitnami.com/bitnami
  version: 11.4.6
- name: elasticsearch
  repository: https://charts.bitnami.com/bitnami
  version: 19.10.6
- name: mongodb
  repository: https://charts.bitnami.com/bitnami
  version: 13.6.7
- name: postgresql-ha
  repository: https://charts.bitnami.com/bitnami
  version: 11.1.2
- name: mariadb-galera
  repository: https://charts.bitnami.com/bitnami
  version: 7.4.14
- name: mariadb-galera
  repository: https://charts.bitnami.com/bitnami
  version: 7.4.14
digest: sha256:cc06021420918f5c43e2afd7b4d37637286b6c081d6b493118ee321729057b9a
generated: "2023-09-06T23:59:01.0489367-06:00"
